// !$*UTF8*$!
{
	archiveVersion = 1;
	classes = {
	};
	objectVersion = 50;
	objects = {

/* Begin PBXBuildFile section */
		4C40447D2528D4CB0005C9DF /* AppDelegate.swift in Sources */ = {isa = PBXBuildFile; fileRef = 4C40447C2528D4CB0005C9DF /* AppDelegate.swift */; };
		4C40447F2528D4CB0005C9DF /* SceneDelegate.swift in Sources */ = {isa = PBXBuildFile; fileRef = 4C40447E2528D4CB0005C9DF /* SceneDelegate.swift */; };
		4C4044812528D4CB0005C9DF /* ViewController.swift in Sources */ = {isa = PBXBuildFile; fileRef = 4C4044802528D4CB0005C9DF /* ViewController.swift */; };
		4C4044842528D4CB0005C9DF /* Main.storyboard in Resources */ = {isa = PBXBuildFile; fileRef = 4C4044822528D4CB0005C9DF /* Main.storyboard */; };
		4C4044862528D4CC0005C9DF /* Assets.xcassets in Resources */ = {isa = PBXBuildFile; fileRef = 4C4044852528D4CC0005C9DF /* Assets.xcassets */; };
		4C4044892528D4CC0005C9DF /* LaunchScreen.storyboard in Resources */ = {isa = PBXBuildFile; fileRef = 4C4044872528D4CC0005C9DF /* LaunchScreen.storyboard */; };
		4C4044942528D4CC0005C9DF /* _3_10_Exercise2Tests.swift in Sources */ = {isa = PBXBuildFile; fileRef = 4C4044932528D4CC0005C9DF /* _3_10_Exercise2Tests.swift */; };
		4C40449F2528D4CC0005C9DF /* _3_10_Exercise2UITests.swift in Sources */ = {isa = PBXBuildFile; fileRef = 4C40449E2528D4CC0005C9DF /* _3_10_Exercise2UITests.swift */; };
		4C4044B02528D5090005C9DF /* Animals.swift in Sources */ = {isa = PBXBuildFile; fileRef = 4C4044AF2528D5090005C9DF /* Animals.swift */; };
		4C4044B62528D6820005C9DF /* AnimalsTableViewCell.swift in Sources */ = {isa = PBXBuildFile; fileRef = 4C4044B52528D6820005C9DF /* AnimalsTableViewCell.swift */; };
		4C4044C62528D96B0005C9DF /* AnimalsDetails.storyboard in Resources */ = {isa = PBXBuildFile; fileRef = 4C4044C52528D96B0005C9DF /* AnimalsDetails.storyboard */; };
		4C4044CE2528D98E0005C9DF /* AnimalsDetailsController.swift in Sources */ = {isa = PBXBuildFile; fileRef = 4C4044CD2528D98E0005C9DF /* AnimalsDetailsController.swift */; };
/* End PBXBuildFile section */

/* Begin PBXContainerItemProxy section */
		4C4044902528D4CC0005C9DF /* PBXContainerItemProxy */ = {
			isa = PBXContainerItemProxy;
			containerPortal = 4C4044712528D4CB0005C9DF /* Project object */;
			proxyType = 1;
			remoteGlobalIDString = 4C4044782528D4CB0005C9DF;
			remoteInfo = 03_10_Exercise2;
		};
		4C40449B2528D4CC0005C9DF /* PBXContainerItemProxy */ = {
			isa = PBXContainerItemProxy;
			containerPortal = 4C4044712528D4CB0005C9DF /* Project object */;
			proxyType = 1;
			remoteGlobalIDString = 4C4044782528D4CB0005C9DF;
			remoteInfo = 03_10_Exercise2;
		};
/* End PBXContainerItemProxy section */

/* Begin PBXFileReference section */
		4C4044792528D4CB0005C9DF /* 03_10_Exercise2.app */ = {isa = PBXFileReference; explicitFileType = wrapper.application; includeInIndex = 0; path = 03_10_Exercise2.app; sourceTree = BUILT_PRODUCTS_DIR; };
		4C40447C2528D4CB0005C9DF /* AppDelegate.swift */ = {isa = PBXFileReference; lastKnownFileType = sourcecode.swift; path = AppDelegate.swift; sourceTree = "<group>"; };
		4C40447E2528D4CB0005C9DF /* SceneDelegate.swift */ = {isa = PBXFileReference; lastKnownFileType = sourcecode.swift; path = SceneDelegate.swift; sourceTree = "<group>"; };
		4C4044802528D4CB0005C9DF /* ViewController.swift */ = {isa = PBXFileReference; lastKnownFileType = sourcecode.swift; path = ViewController.swift; sourceTree = "<group>"; };
		4C4044832528D4CB0005C9DF /* Base */ = {isa = PBXFileReference; lastKnownFileType = file.storyboard; name = Base; path = Base.lproj/Main.storyboard; sourceTree = "<group>"; };
		4C4044852528D4CC0005C9DF /* Assets.xcassets */ = {isa = PBXFileReference; lastKnownFileType = folder.assetcatalog; path = Assets.xcassets; sourceTree = "<group>"; };
		4C4044882528D4CC0005C9DF /* Base */ = {isa = PBXFileReference; lastKnownFileType = file.storyboard; name = Base; path = Base.lproj/LaunchScreen.storyboard; sourceTree = "<group>"; };
		4C40448A2528D4CC0005C9DF /* Info.plist */ = {isa = PBXFileReference; lastKnownFileType = text.plist.xml; path = Info.plist; sourceTree = "<group>"; };
		4C40448F2528D4CC0005C9DF /* 03_10_Exercise2Tests.xctest */ = {isa = PBXFileReference; explicitFileType = wrapper.cfbundle; includeInIndex = 0; path = 03_10_Exercise2Tests.xctest; sourceTree = BUILT_PRODUCTS_DIR; };
		4C4044932528D4CC0005C9DF /* _3_10_Exercise2Tests.swift */ = {isa = PBXFileReference; lastKnownFileType = sourcecode.swift; path = _3_10_Exercise2Tests.swift; sourceTree = "<group>"; };
		4C4044952528D4CC0005C9DF /* Info.plist */ = {isa = PBXFileReference; lastKnownFileType = text.plist.xml; path = Info.plist; sourceTree = "<group>"; };
		4C40449A2528D4CC0005C9DF /* 03_10_Exercise2UITests.xctest */ = {isa = PBXFileReference; explicitFileType = wrapper.cfbundle; includeInIndex = 0; path = 03_10_Exercise2UITests.xctest; sourceTree = BUILT_PRODUCTS_DIR; };
		4C40449E2528D4CC0005C9DF /* _3_10_Exercise2UITests.swift */ = {isa = PBXFileReference; lastKnownFileType = sourcecode.swift; path = _3_10_Exercise2UITests.swift; sourceTree = "<group>"; };
		4C4044A02528D4CC0005C9DF /* Info.plist */ = {isa = PBXFileReference; lastKnownFileType = text.plist.xml; path = Info.plist; sourceTree = "<group>"; };
		4C4044AF2528D5090005C9DF /* Animals.swift */ = {isa = PBXFileReference; lastKnownFileType = sourcecode.swift; path = Animals.swift; sourceTree = "<group>"; };
		4C4044B52528D6820005C9DF /* AnimalsTableViewCell.swift */ = {isa = PBXFileReference; lastKnownFileType = sourcecode.swift; path = AnimalsTableViewCell.swift; sourceTree = "<group>"; };
		4C4044C52528D96B0005C9DF /* AnimalsDetails.storyboard */ = {isa = PBXFileReference; lastKnownFileType = file.storyboard; path = AnimalsDetails.storyboard; sourceTree = "<group>"; };
		4C4044CD2528D98E0005C9DF /* AnimalsDetailsController.swift */ = {isa = PBXFileReference; lastKnownFileType = sourcecode.swift; path = AnimalsDetailsController.swift; sourceTree = "<group>"; };
/* End PBXFileReference section */

/* Begin PBXFrameworksBuildPhase section */
		4C4044762528D4CB0005C9DF /* Frameworks */ = {
			isa = PBXFrameworksBuildPhase;
			buildActionMask = 2147483647;
			files = (
			);
			runOnlyForDeploymentPostprocessing = 0;
		};
		4C40448C2528D4CC0005C9DF /* Frameworks */ = {
			isa = PBXFrameworksBuildPhase;
			buildActionMask = 2147483647;
			files = (
			);
			runOnlyForDeploymentPostprocessing = 0;
		};
		4C4044972528D4CC0005C9DF /* Frameworks */ = {
			isa = PBXFrameworksBuildPhase;
			buildActionMask = 2147483647;
			files = (
			);
			runOnlyForDeploymentPostprocessing = 0;
		};
/* End PBXFrameworksBuildPhase section */

/* Begin PBXGroup section */
		4C4044702528D4CB0005C9DF = {
			isa = PBXGroup;
			children = (
				4C40447B2528D4CB0005C9DF /* 03_10_Exercise2 */,
				4C4044922528D4CC0005C9DF /* 03_10_Exercise2Tests */,
				4C40449D2528D4CC0005C9DF /* 03_10_Exercise2UITests */,
				4C40447A2528D4CB0005C9DF /* Products */,
			);
			sourceTree = "<group>";
		};
		4C40447A2528D4CB0005C9DF /* Products */ = {
			isa = PBXGroup;
			children = (
				4C4044792528D4CB0005C9DF /* 03_10_Exercise2.app */,
				4C40448F2528D4CC0005C9DF /* 03_10_Exercise2Tests.xctest */,
				4C40449A2528D4CC0005C9DF /* 03_10_Exercise2UITests.xctest */,
			);
			name = Products;
			sourceTree = "<group>";
		};
		4C40447B2528D4CB0005C9DF /* 03_10_Exercise2 */ = {
			isa = PBXGroup;
			children = (
				4C4044BE2528D9330005C9DF /* ViewControllers */,
				4C4044BD2528D9240005C9DF /* Class */,
				4C4044B42528D60C0005C9DF /* Cells */,
				4C40447C2528D4CB0005C9DF /* AppDelegate.swift */,
				4C40447E2528D4CB0005C9DF /* SceneDelegate.swift */,
				4C4044802528D4CB0005C9DF /* ViewController.swift */,
				4C4044822528D4CB0005C9DF /* Main.storyboard */,
				4C4044852528D4CC0005C9DF /* Assets.xcassets */,
				4C4044872528D4CC0005C9DF /* LaunchScreen.storyboard */,
				4C40448A2528D4CC0005C9DF /* Info.plist */,
			);
			path = 03_10_Exercise2;
			sourceTree = "<group>";
		};
		4C4044922528D4CC0005C9DF /* 03_10_Exercise2Tests */ = {
			isa = PBXGroup;
			children = (
				4C4044932528D4CC0005C9DF /* _3_10_Exercise2Tests.swift */,
				4C4044952528D4CC0005C9DF /* Info.plist */,
			);
			path = 03_10_Exercise2Tests;
			sourceTree = "<group>";
		};
		4C40449D2528D4CC0005C9DF /* 03_10_Exercise2UITests */ = {
			isa = PBXGroup;
			children = (
				4C40449E2528D4CC0005C9DF /* _3_10_Exercise2UITests.swift */,
				4C4044A02528D4CC0005C9DF /* Info.plist */,
			);
			path = 03_10_Exercise2UITests;
			sourceTree = "<group>";
		};
		4C4044B42528D60C0005C9DF /* Cells */ = {
			isa = PBXGroup;
			children = (
				4C4044B52528D6820005C9DF /* AnimalsTableViewCell.swift */,
			);
			path = Cells;
			sourceTree = "<group>";
		};
		4C4044BD2528D9240005C9DF /* Class */ = {
			isa = PBXGroup;
			children = (
				4C4044AF2528D5090005C9DF /* Animals.swift */,
			);
			path = Class;
			sourceTree = "<group>";
		};
		4C4044BE2528D9330005C9DF /* ViewControllers */ = {
			isa = PBXGroup;
			children = (
				4C4044BF2528D9390005C9DF /* AnimalsDetail */,
			);
			path = ViewControllers;
			sourceTree = "<group>";
		};
		4C4044BF2528D9390005C9DF /* AnimalsDetail */ = {
			isa = PBXGroup;
			children = (
				4C4044C52528D96B0005C9DF /* AnimalsDetails.storyboard */,
				4C4044CD2528D98E0005C9DF /* AnimalsDetailsController.swift */,
			);
			path = AnimalsDetail;
			sourceTree = "<group>";
		};
/* End PBXGroup section */

/* Begin PBXNativeTarget section */
		4C4044782528D4CB0005C9DF /* 03_10_Exercise2 */ = {
			isa = PBXNativeTarget;
			buildConfigurationList = 4C4044A32528D4CC0005C9DF /* Build configuration list for PBXNativeTarget "03_10_Exercise2" */;
			buildPhases = (
				4C4044752528D4CB0005C9DF /* Sources */,
				4C4044762528D4CB0005C9DF /* Frameworks */,
				4C4044772528D4CB0005C9DF /* Resources */,
			);
			buildRules = (
			);
			dependencies = (
			);
			name = 03_10_Exercise2;
			productName = 03_10_Exercise2;
			productReference = 4C4044792528D4CB0005C9DF /* 03_10_Exercise2.app */;
			productType = "com.apple.product-type.application";
		};
		4C40448E2528D4CC0005C9DF /* 03_10_Exercise2Tests */ = {
			isa = PBXNativeTarget;
			buildConfigurationList = 4C4044A62528D4CC0005C9DF /* Build configuration list for PBXNativeTarget "03_10_Exercise2Tests" */;
			buildPhases = (
				4C40448B2528D4CC0005C9DF /* Sources */,
				4C40448C2528D4CC0005C9DF /* Frameworks */,
				4C40448D2528D4CC0005C9DF /* Resources */,
			);
			buildRules = (
			);
			dependencies = (
				4C4044912528D4CC0005C9DF /* PBXTargetDependency */,
			);
			name = 03_10_Exercise2Tests;
			productName = 03_10_Exercise2Tests;
			productReference = 4C40448F2528D4CC0005C9DF /* 03_10_Exercise2Tests.xctest */;
			productType = "com.apple.product-type.bundle.unit-test";
		};
		4C4044992528D4CC0005C9DF /* 03_10_Exercise2UITests */ = {
			isa = PBXNativeTarget;
			buildConfigurationList = 4C4044A92528D4CC0005C9DF /* Build configuration list for PBXNativeTarget "03_10_Exercise2UITests" */;
			buildPhases = (
				4C4044962528D4CC0005C9DF /* Sources */,
				4C4044972528D4CC0005C9DF /* Frameworks */,
				4C4044982528D4CC0005C9DF /* Resources */,
			);
			buildRules = (
			);
			dependencies = (
				4C40449C2528D4CC0005C9DF /* PBXTargetDependency */,
			);
			name = 03_10_Exercise2UITests;
			productName = 03_10_Exercise2UITests;
			productReference = 4C40449A2528D4CC0005C9DF /* 03_10_Exercise2UITests.xctest */;
			productType = "com.apple.product-type.bundle.ui-testing";
		};
/* End PBXNativeTarget section */

/* Begin PBXProject section */
		4C4044712528D4CB0005C9DF /* Project object */ = {
			isa = PBXProject;
			attributes = {
				LastSwiftUpdateCheck = 1200;
				LastUpgradeCheck = 1200;
				TargetAttributes = {
					4C4044782528D4CB0005C9DF = {
						CreatedOnToolsVersion = 12.0;
					};
					4C40448E2528D4CC0005C9DF = {
						CreatedOnToolsVersion = 12.0;
						TestTargetID = 4C4044782528D4CB0005C9DF;
					};
					4C4044992528D4CC0005C9DF = {
						CreatedOnToolsVersion = 12.0;
						TestTargetID = 4C4044782528D4CB0005C9DF;
					};
				};
			};
			buildConfigurationList = 4C4044742528D4CB0005C9DF /* Build configuration list for PBXProject "03_10_Exercise2" */;
			compatibilityVersion = "Xcode 9.3";
			developmentRegion = en;
			hasScannedForEncodings = 0;
			knownRegions = (
				en,
				Base,
			);
			mainGroup = 4C4044702528D4CB0005C9DF;
			productRefGroup = 4C40447A2528D4CB0005C9DF /* Products */;
			projectDirPath = "";
			projectRoot = "";
			targets = (
				4C4044782528D4CB0005C9DF /* 03_10_Exercise2 */,
				4C40448E2528D4CC0005C9DF /* 03_10_Exercise2Tests */,
				4C4044992528D4CC0005C9DF /* 03_10_Exercise2UITests */,
			);
		};
/* End PBXProject section */

/* Begin PBXResourcesBuildPhase section */
		4C4044772528D4CB0005C9DF /* Resources */ = {
			isa = PBXResourcesBuildPhase;
			buildActionMask = 2147483647;
			files = (
				4C4044892528D4CC0005C9DF /* LaunchScreen.storyboard in Resources */,
				4C4044862528D4CC0005C9DF /* Assets.xcassets in Resources */,
				4C4044842528D4CB0005C9DF /* Main.storyboard in Resources */,
				4C4044C62528D96B0005C9DF /* AnimalsDetails.storyboard in Resources */,
			);
			runOnlyForDeploymentPostprocessing = 0;
		};
		4C40448D2528D4CC0005C9DF /* Resources */ = {
			isa = PBXResourcesBuildPhase;
			buildActionMask = 2147483647;
			files = (
			);
			runOnlyForDeploymentPostprocessing = 0;
		};
		4C4044982528D4CC0005C9DF /* Resources */ = {
			isa = PBXResourcesBuildPhase;
			buildActionMask = 2147483647;
			files = (
			);
			runOnlyForDeploymentPostprocessing = 0;
		};
/* End PBXResourcesBuildPhase section */

/* Begin PBXSourcesBuildPhase section */
		4C4044752528D4CB0005C9DF /* Sources */ = {
			isa = PBXSourcesBuildPhase;
			buildActionMask = 2147483647;
			files = (
				4C4044812528D4CB0005C9DF /* ViewController.swift in Sources */,
				4C4044B02528D5090005C9DF /* Animals.swift in Sources */,
				4C40447D2528D4CB0005C9DF /* AppDelegate.swift in Sources */,
				4C40447F2528D4CB0005C9DF /* SceneDelegate.swift in Sources */,
				4C4044CE2528D98E0005C9DF /* AnimalsDetailsController.swift in Sources */,
				4C4044B62528D6820005C9DF /* AnimalsTableViewCell.swift in Sources */,
			);
			runOnlyForDeploymentPostprocessing = 0;
		};
		4C40448B2528D4CC0005C9DF /* Sources */ = {
			isa = PBXSourcesBuildPhase;
			buildActionMask = 2147483647;
			files = (
				4C4044942528D4CC0005C9DF /* _3_10_Exercise2Tests.swift in Sources */,
			);
			runOnlyForDeploymentPostprocessing = 0;
		};
		4C4044962528D4CC0005C9DF /* Sources */ = {
			isa = PBXSourcesBuildPhase;
			buildActionMask = 2147483647;
			files = (
				4C40449F2528D4CC0005C9DF /* _3_10_Exercise2UITests.swift in Sources */,
			);
			runOnlyForDeploymentPostprocessing = 0;
		};
/* End PBXSourcesBuildPhase section */

/* Begin PBXTargetDependency section */
		4C4044912528D4CC0005C9DF /* PBXTargetDependency */ = {
			isa = PBXTargetDependency;
			target = 4C4044782528D4CB0005C9DF /* 03_10_Exercise2 */;
			targetProxy = 4C4044902528D4CC0005C9DF /* PBXContainerItemProxy */;
		};
		4C40449C2528D4CC0005C9DF /* PBXTargetDependency */ = {
			isa = PBXTargetDependency;
			target = 4C4044782528D4CB0005C9DF /* 03_10_Exercise2 */;
			targetProxy = 4C40449B2528D4CC0005C9DF /* PBXContainerItemProxy */;
		};
/* End PBXTargetDependency section */

/* Begin PBXVariantGroup section */
		4C4044822528D4CB0005C9DF /* Main.storyboard */ = {
			isa = PBXVariantGroup;
			children = (
				4C4044832528D4CB0005C9DF /* Base */,
			);
			name = Main.storyboard;
			sourceTree = "<group>";
		};
		4C4044872528D4CC0005C9DF /* LaunchScreen.storyboard */ = {
			isa = PBXVariantGroup;
			children = (
				4C4044882528D4CC0005C9DF /* Base */,
			);
			name = LaunchScreen.storyboard;
			sourceTree = "<group>";
		};
/* End PBXVariantGroup section */

/* Begin XCBuildConfiguration section */
		4C4044A12528D4CC0005C9DF /* Debug */ = {
			isa = XCBuildConfiguration;
			buildSettings = {
				ALWAYS_SEARCH_USER_PATHS = NO;
				CLANG_ANALYZER_NONNULL = YES;
				CLANG_ANALYZER_NUMBER_OBJECT_CONVERSION = YES_AGGRESSIVE;
				CLANG_CXX_LANGUAGE_STANDARD = "gnu++14";
				CLANG_CXX_LIBRARY = "libc++";
				CLANG_ENABLE_MODULES = YES;
				CLANG_ENABLE_OBJC_ARC = YES;
				CLANG_ENABLE_OBJC_WEAK = YES;
				CLANG_WARN_BLOCK_CAPTURE_AUTORELEASING = YES;
				CLANG_WARN_BOOL_CONVERSION = YES;
				CLANG_WARN_COMMA = YES;
				CLANG_WARN_CONSTANT_CONVERSION = YES;
				CLANG_WARN_DEPRECATED_OBJC_IMPLEMENTATIONS = YES;
				CLANG_WARN_DIRECT_OBJC_ISA_USAGE = YES_ERROR;
				CLANG_WARN_DOCUMENTATION_COMMENTS = YES;
				CLANG_WARN_EMPTY_BODY = YES;
				CLANG_WARN_ENUM_CONVERSION = YES;
				CLANG_WARN_INFINITE_RECURSION = YES;
				CLANG_WARN_INT_CONVERSION = YES;
				CLANG_WARN_NON_LITERAL_NULL_CONVERSION = YES;
				CLANG_WARN_OBJC_IMPLICIT_RETAIN_SELF = YES;
				CLANG_WARN_OBJC_LITERAL_CONVERSION = YES;
				CLANG_WARN_OBJC_ROOT_CLASS = YES_ERROR;
				CLANG_WARN_QUOTED_INCLUDE_IN_FRAMEWORK_HEADER = YES;
				CLANG_WARN_RANGE_LOOP_ANALYSIS = YES;
				CLANG_WARN_STRICT_PROTOTYPES = YES;
				CLANG_WARN_SUSPICIOUS_MOVE = YES;
				CLANG_WARN_UNGUARDED_AVAILABILITY = YES_AGGRESSIVE;
				CLANG_WARN_UNREACHABLE_CODE = YES;
				CLANG_WARN__DUPLICATE_METHOD_MATCH = YES;
				COPY_PHASE_STRIP = NO;
				DEBUG_INFORMATION_FORMAT = dwarf;
				ENABLE_STRICT_OBJC_MSGSEND = YES;
				ENABLE_TESTABILITY = YES;
				GCC_C_LANGUAGE_STANDARD = gnu11;
				GCC_DYNAMIC_NO_PIC = NO;
				GCC_NO_COMMON_BLOCKS = YES;
				GCC_OPTIMIZATION_LEVEL = 0;
				GCC_PREPROCESSOR_DEFINITIONS = (
					"DEBUG=1",
					"$(inherited)",
				);
				GCC_WARN_64_TO_32_BIT_CONVERSION = YES;
				GCC_WARN_ABOUT_RETURN_TYPE = YES_ERROR;
				GCC_WARN_UNDECLARED_SELECTOR = YES;
				GCC_WARN_UNINITIALIZED_AUTOS = YES_AGGRESSIVE;
				GCC_WARN_UNUSED_FUNCTION = YES;
				GCC_WARN_UNUSED_VARIABLE = YES;
				IPHONEOS_DEPLOYMENT_TARGET = 14.0;
				MTL_ENABLE_DEBUG_INFO = INCLUDE_SOURCE;
				MTL_FAST_MATH = YES;
				ONLY_ACTIVE_ARCH = YES;
				SDKROOT = iphoneos;
				SWIFT_ACTIVE_COMPILATION_CONDITIONS = DEBUG;
				SWIFT_OPTIMIZATION_LEVEL = "-Onone";
			};
			name = Debug;
		};
		4C4044A22528D4CC0005C9DF /* Release */ = {
			isa = XCBuildConfiguration;
			buildSettings = {
				ALWAYS_SEARCH_USER_PATHS = NO;
				CLANG_ANALYZER_NONNULL = YES;
				CLANG_ANALYZER_NUMBER_OBJECT_CONVERSION = YES_AGGRESSIVE;
				CLANG_CXX_LANGUAGE_STANDARD = "gnu++14";
				CLANG_CXX_LIBRARY = "libc++";
				CLANG_ENABLE_MODULES = YES;
				CLANG_ENABLE_OBJC_ARC = YES;
				CLANG_ENABLE_OBJC_WEAK = YES;
				CLANG_WARN_BLOCK_CAPTURE_AUTORELEASING = YES;
				CLANG_WARN_BOOL_CONVERSION = YES;
				CLANG_WARN_COMMA = YES;
				CLANG_WARN_CONSTANT_CONVERSION = YES;
				CLANG_WARN_DEPRECATED_OBJC_IMPLEMENTATIONS = YES;
				CLANG_WARN_DIRECT_OBJC_ISA_USAGE = YES_ERROR;
				CLANG_WARN_DOCUMENTATION_COMMENTS = YES;
				CLANG_WARN_EMPTY_BODY = YES;
				CLANG_WARN_ENUM_CONVERSION = YES;
				CLANG_WARN_INFINITE_RECURSION = YES;
				CLANG_WARN_INT_CONVERSION = YES;
				CLANG_WARN_NON_LITERAL_NULL_CONVERSION = YES;
				CLANG_WARN_OBJC_IMPLICIT_RETAIN_SELF = YES;
				CLANG_WARN_OBJC_LITERAL_CONVERSION = YES;
				CLANG_WARN_OBJC_ROOT_CLASS = YES_ERROR;
				CLANG_WARN_QUOTED_INCLUDE_IN_FRAMEWORK_HEADER = YES;
				CLANG_WARN_RANGE_LOOP_ANALYSIS = YES;
				CLANG_WARN_STRICT_PROTOTYPES = YES;
				CLANG_WARN_SUSPICIOUS_MOVE = YES;
				CLANG_WARN_UNGUARDED_AVAILABILITY = YES_AGGRESSIVE;
				CLANG_WARN_UNREACHABLE_CODE = YES;
				CLANG_WARN__DUPLICATE_METHOD_MATCH = YES;
				COPY_PHASE_STRIP = NO;
				DEBUG_INFORMATION_FORMAT = "dwarf-with-dsym";
				ENABLE_NS_ASSERTIONS = NO;
				ENABLE_STRICT_OBJC_MSGSEND = YES;
				GCC_C_LANGUAGE_STANDARD = gnu11;
				GCC_NO_COMMON_BLOCKS = YES;
				GCC_WARN_64_TO_32_BIT_CONVERSION = YES;
				GCC_WARN_ABOUT_RETURN_TYPE = YES_ERROR;
				GCC_WARN_UNDECLARED_SELECTOR = YES;
				GCC_WARN_UNINITIALIZED_AUTOS = YES_AGGRESSIVE;
				GCC_WARN_UNUSED_FUNCTION = YES;
				GCC_WARN_UNUSED_VARIABLE = YES;
				IPHONEOS_DEPLOYMENT_TARGET = 14.0;
				MTL_ENABLE_DEBUG_INFO = NO;
				MTL_FAST_MATH = YES;
				SDKROOT = iphoneos;
				SWIFT_COMPILATION_MODE = wholemodule;
				SWIFT_OPTIMIZATION_LEVEL = "-O";
				VALIDATE_PRODUCT = YES;
			};
			name = Release;
		};
		4C4044A42528D4CC0005C9DF /* Debug */ = {
			isa = XCBuildConfiguration;
			buildSettings = {
				ASSETCATALOG_COMPILER_APPICON_NAME = AppIcon;
				ASSETCATALOG_COMPILER_GLOBAL_ACCENT_COLOR_NAME = AccentColor;
				CODE_SIGN_STYLE = Automatic;
				INFOPLIST_FILE = 03_10_Exercise2/Info.plist;
				LD_RUNPATH_SEARCH_PATHS = (
					"$(inherited)",
					"@executable_path/Frameworks",
				);
				PRODUCT_BUNDLE_IDENTIFIER = "Otavio-Brito.-3-10-Exercise2";
				PRODUCT_NAME = "$(TARGET_NAME)";
				SWIFT_VERSION = 5.0;
				TARGETED_DEVICE_FAMILY = "1,2";
			};
			name = Debug;
		};
		4C4044A52528D4CC0005C9DF /* Release */ = {
			isa = XCBuildConfiguration;
			buildSettings = {
				ASSETCATALOG_COMPILER_APPICON_NAME = AppIcon;
				ASSETCATALOG_COMPILER_GLOBAL_ACCENT_COLOR_NAME = AccentColor;
				CODE_SIGN_STYLE = Automatic;
				INFOPLIST_FILE = 03_10_Exercise2/Info.plist;
				LD_RUNPATH_SEARCH_PATHS = (
					"$(inherited)",
					"@executable_path/Frameworks",
				);
				PRODUCT_BUNDLE_IDENTIFIER = "Otavio-Brito.-3-10-Exercise2";
				PRODUCT_NAME = "$(TARGET_NAME)";
				SWIFT_VERSION = 5.0;
				TARGETED_DEVICE_FAMILY = "1,2";
			};
			name = Release;
		};
		4C4044A72528D4CC0005C9DF /* Debug */ = {
			isa = XCBuildConfiguration;
			buildSettings = {
				ALWAYS_EMBED_SWIFT_STANDARD_LIBRARIES = YES;
				BUNDLE_LOADER = "$(TEST_HOST)";
				CODE_SIGN_STYLE = Automatic;
				INFOPLIST_FILE = 03_10_Exercise2Tests/Info.plist;
				IPHONEOS_DEPLOYMENT_TARGET = 14.0;
				LD_RUNPATH_SEARCH_PATHS = (
					"$(inherited)",
					"@executable_path/Frameworks",
					"@loader_path/Frameworks",
				);
				PRODUCT_BUNDLE_IDENTIFIER = "lestad.-3-10-Exercise2Tests";
				PRODUCT_NAME = "$(TARGET_NAME)";
				SWIFT_VERSION = 5.0;
				TARGETED_DEVICE_FAMILY = "1,2";
				TEST_HOST = "$(BUILT_PRODUCTS_DIR)/03_10_Exercise2.app/03_10_Exercise2";
			};
			name = Debug;
		};
		4C4044A82528D4CC0005C9DF /* Release */ = {
			isa = XCBuildConfiguration;
			buildSettings = {
				ALWAYS_EMBED_SWIFT_STANDARD_LIBRARIES = YES;
				BUNDLE_LOADER = "$(TEST_HOST)";
				CODE_SIGN_STYLE = Automatic;
				INFOPLIST_FILE = 03_10_Exercise2Tests/Info.plist;
				IPHONEOS_DEPLOYMENT_TARGET = 14.0;
				LD_RUNPATH_SEARCH_PATHS = (
					"$(inherited)",
					"@executable_path/Frameworks",
					"@loader_path/Frameworks",
				);
				PRODUCT_BUNDLE_IDENTIFIER = "lestad.-3-10-Exercise2Tests";
				PRODUCT_NAME = "$(TARGET_NAME)";
				SWIFT_VERSION = 5.0;
				TARGETED_DEVICE_FAMILY = "1,2";
				TEST_HOST = "$(BUILT_PRODUCTS_DIR)/03_10_Exercise2.app/03_10_Exercise2";
			};
			name = Release;
		};
		4C4044AA2528D4CC0005C9DF /* Debug */ = {
			isa = XCBuildConfiguration;
			buildSettings = {
				ALWAYS_EMBED_SWIFT_STANDARD_LIBRARIES = YES;
				CODE_SIGN_STYLE = Automatic;
				INFOPLIST_FILE = 03_10_Exercise2UITests/Info.plist;
				LD_RUNPATH_SEARCH_PATHS = (
					"$(inherited)",
					"@executable_path/Frameworks",
					"@loader_path/Frameworks",
				);
				PRODUCT_BUNDLE_IDENTIFIER = "lestad.-3-10-Exercise2UITests";
				PRODUCT_NAME = "$(TARGET_NAME)";
				SWIFT_VERSION = 5.0;
				TARGETED_DEVICE_FAMILY = "1,2";
				TEST_TARGET_NAME = 03_10_Exercise2;
			};
			name = Debug;
		};
		4C4044AB2528D4CC0005C9DF /* Release */ = {
			isa = XCBuildConfiguration;
			buildSettings = {
				ALWAYS_EMBED_SWIFT_STANDARD_LIBRARIES = YES;
				CODE_SIGN_STYLE = Automatic;
				INFOPLIST_FILE = 03_10_Exercise2UITests/Info.plist;
				LD_RUNPATH_SEARCH_PATHS = (
					"$(inherited)",
					"@executable_path/Frameworks",
					"@loader_path/Frameworks",
				);
				PRODUCT_BUNDLE_IDENTIFIER = "lestad.-3-10-Exercise2UITests";
				PRODUCT_NAME = "$(TARGET_NAME)";
				SWIFT_VERSION = 5.0;
				TARGETED_DEVICE_FAMILY = "1,2";
				TEST_TARGET_NAME = 03_10_Exercise2;
			};
			name = Release;
		};
/* End XCBuildConfiguration section */

/* Begin XCConfigurationList section */
		4C4044742528D4CB0005C9DF /* Build configuration list for PBXProject "03_10_Exercise2" */ = {
			isa = XCConfigurationList;
			buildConfigurations = (
				4C4044A12528D4CC0005C9DF /* Debug */,
				4C4044A22528D4CC0005C9DF /* Release */,
			);
			defaultConfigurationIsVisible = 0;
			defaultConfigurationName = Release;
		};
		4C4044A32528D4CC0005C9DF /* Build configuration list for PBXNativeTarget "03_10_Exercise2" */ = {
			isa = XCConfigurationList;
			buildConfigurations = (
				4C4044A42528D4CC0005C9DF /* Debug */,
				4C4044A52528D4CC0005C9DF /* Release */,
			);
			defaultConfigurationIsVisible = 0;
			defaultConfigurationName = Release;
		};
		4C4044A62528D4CC0005C9DF /* Build configuration list for PBXNativeTarget "03_10_Exercise2Tests" */ = {
			isa = XCConfigurationList;
			buildConfigurations = (
				4C4044A72528D4CC0005C9DF /* Debug */,
				4C4044A82528D4CC0005C9DF /* Release */,
			);
			defaultConfigurationIsVisible = 0;
			defaultConfigurationName = Release;
		};
		4C4044A92528D4CC0005C9DF /* Build configuration list for PBXNativeTarget "03_10_Exercise2UITests" */ = {
			isa = XCConfigurationList;
			buildConfigurations = (
				4C4044AA2528D4CC0005C9DF /* Debug */,
				4C4044AB2528D4CC0005C9DF /* Release */,
			);
			defaultConfigurationIsVisible = 0;
			defaultConfigurationName = Release;
		};
/* End XCConfigurationList section */
	};
	rootObject = 4C4044712528D4CB0005C9DF /* Project object */;
}
