// !$*UTF8*$!
{
	archiveVersion = 1;
	classes = {
	};
	objectVersion = 50;
	objects = {

/* Begin PBXBuildFile section */
		4C4044E02528DE920005C9DF /* AppDelegate.swift in Sources */ = {isa = PBXBuildFile; fileRef = 4C4044DF2528DE920005C9DF /* AppDelegate.swift */; };
		4C4044E22528DE920005C9DF /* SceneDelegate.swift in Sources */ = {isa = PBXBuildFile; fileRef = 4C4044E12528DE920005C9DF /* SceneDelegate.swift */; };
		4C4044E42528DE920005C9DF /* ViewController.swift in Sources */ = {isa = PBXBuildFile; fileRef = 4C4044E32528DE920005C9DF /* ViewController.swift */; };
		4C4044E72528DE920005C9DF /* Main.storyboard in Resources */ = {isa = PBXBuildFile; fileRef = 4C4044E52528DE920005C9DF /* Main.storyboard */; };
		4C4044E92528DE930005C9DF /* Assets.xcassets in Resources */ = {isa = PBXBuildFile; fileRef = 4C4044E82528DE930005C9DF /* Assets.xcassets */; };
		4C4044EC2528DE930005C9DF /* LaunchScreen.storyboard in Resources */ = {isa = PBXBuildFile; fileRef = 4C4044EA2528DE930005C9DF /* LaunchScreen.storyboard */; };
		4C4044F72528DE940005C9DF /* _3_10_Exercise3Tests.swift in Sources */ = {isa = PBXBuildFile; fileRef = 4C4044F62528DE940005C9DF /* _3_10_Exercise3Tests.swift */; };
		4C4045022528DE940005C9DF /* _3_10_Exercise3UITests.swift in Sources */ = {isa = PBXBuildFile; fileRef = 4C4045012528DE940005C9DF /* _3_10_Exercise3UITests.swift */; };
		4C4045162528DF900005C9DF /* Carro.swift in Sources */ = {isa = PBXBuildFile; fileRef = 4C4045152528DF900005C9DF /* Carro.swift */; };
		4C4045212528DFFA0005C9DF /* CarroCollectionCell.swift in Sources */ = {isa = PBXBuildFile; fileRef = 4C4045202528DFFA0005C9DF /* CarroCollectionCell.swift */; };
		4C4045262528E2000005C9DF /* cars3.png in Resources */ = {isa = PBXBuildFile; fileRef = 4C4045252528E2000005C9DF /* cars3.png */; };
		4C40452C2528E2880005C9DF /* carroDetails.storyboard in Resources */ = {isa = PBXBuildFile; fileRef = 4C40452B2528E2880005C9DF /* carroDetails.storyboard */; };
		4C4045312528E2A30005C9DF /* CarroDetailsViewController.swift in Sources */ = {isa = PBXBuildFile; fileRef = 4C4045302528E2A30005C9DF /* CarroDetailsViewController.swift */; };
/* End PBXBuildFile section */

/* Begin PBXContainerItemProxy section */
		4C4044F32528DE940005C9DF /* PBXContainerItemProxy */ = {
			isa = PBXContainerItemProxy;
			containerPortal = 4C4044D42528DE910005C9DF /* Project object */;
			proxyType = 1;
			remoteGlobalIDString = 4C4044DB2528DE920005C9DF;
			remoteInfo = 03_10_Exercise3;
		};
		4C4044FE2528DE940005C9DF /* PBXContainerItemProxy */ = {
			isa = PBXContainerItemProxy;
			containerPortal = 4C4044D42528DE910005C9DF /* Project object */;
			proxyType = 1;
			remoteGlobalIDString = 4C4044DB2528DE920005C9DF;
			remoteInfo = 03_10_Exercise3;
		};
/* End PBXContainerItemProxy section */

/* Begin PBXFileReference section */
		4C4044DC2528DE920005C9DF /* 03_10_Exercise3.app */ = {isa = PBXFileReference; explicitFileType = wrapper.application; includeInIndex = 0; path = 03_10_Exercise3.app; sourceTree = BUILT_PRODUCTS_DIR; };
		4C4044DF2528DE920005C9DF /* AppDelegate.swift */ = {isa = PBXFileReference; lastKnownFileType = sourcecode.swift; path = AppDelegate.swift; sourceTree = "<group>"; };
		4C4044E12528DE920005C9DF /* SceneDelegate.swift */ = {isa = PBXFileReference; lastKnownFileType = sourcecode.swift; path = SceneDelegate.swift; sourceTree = "<group>"; };
		4C4044E32528DE920005C9DF /* ViewController.swift */ = {isa = PBXFileReference; lastKnownFileType = sourcecode.swift; path = ViewController.swift; sourceTree = "<group>"; };
		4C4044E62528DE920005C9DF /* Base */ = {isa = PBXFileReference; lastKnownFileType = file.storyboard; name = Base; path = Base.lproj/Main.storyboard; sourceTree = "<group>"; };
		4C4044E82528DE930005C9DF /* Assets.xcassets */ = {isa = PBXFileReference; lastKnownFileType = folder.assetcatalog; path = Assets.xcassets; sourceTree = "<group>"; };
		4C4044EB2528DE930005C9DF /* Base */ = {isa = PBXFileReference; lastKnownFileType = file.storyboard; name = Base; path = Base.lproj/LaunchScreen.storyboard; sourceTree = "<group>"; };
		4C4044ED2528DE930005C9DF /* Info.plist */ = {isa = PBXFileReference; lastKnownFileType = text.plist.xml; path = Info.plist; sourceTree = "<group>"; };
		4C4044F22528DE940005C9DF /* 03_10_Exercise3Tests.xctest */ = {isa = PBXFileReference; explicitFileType = wrapper.cfbundle; includeInIndex = 0; path = 03_10_Exercise3Tests.xctest; sourceTree = BUILT_PRODUCTS_DIR; };
		4C4044F62528DE940005C9DF /* _3_10_Exercise3Tests.swift */ = {isa = PBXFileReference; lastKnownFileType = sourcecode.swift; path = _3_10_Exercise3Tests.swift; sourceTree = "<group>"; };
		4C4044F82528DE940005C9DF /* Info.plist */ = {isa = PBXFileReference; lastKnownFileType = text.plist.xml; path = Info.plist; sourceTree = "<group>"; };
		4C4044FD2528DE940005C9DF /* 03_10_Exercise3UITests.xctest */ = {isa = PBXFileReference; explicitFileType = wrapper.cfbundle; includeInIndex = 0; path = 03_10_Exercise3UITests.xctest; sourceTree = BUILT_PRODUCTS_DIR; };
		4C4045012528DE940005C9DF /* _3_10_Exercise3UITests.swift */ = {isa = PBXFileReference; lastKnownFileType = sourcecode.swift; path = _3_10_Exercise3UITests.swift; sourceTree = "<group>"; };
		4C4045032528DE940005C9DF /* Info.plist */ = {isa = PBXFileReference; lastKnownFileType = text.plist.xml; path = Info.plist; sourceTree = "<group>"; };
		4C4045152528DF900005C9DF /* Carro.swift */ = {isa = PBXFileReference; lastKnownFileType = sourcecode.swift; path = Carro.swift; sourceTree = "<group>"; };
		4C4045202528DFFA0005C9DF /* CarroCollectionCell.swift */ = {isa = PBXFileReference; lastKnownFileType = sourcecode.swift; path = CarroCollectionCell.swift; sourceTree = "<group>"; };
		4C4045252528E2000005C9DF /* cars3.png */ = {isa = PBXFileReference; lastKnownFileType = image.png; path = cars3.png; sourceTree = "<group>"; };
		4C40452B2528E2880005C9DF /* carroDetails.storyboard */ = {isa = PBXFileReference; lastKnownFileType = file.storyboard; path = carroDetails.storyboard; sourceTree = "<group>"; };
		4C4045302528E2A30005C9DF /* CarroDetailsViewController.swift */ = {isa = PBXFileReference; lastKnownFileType = sourcecode.swift; path = CarroDetailsViewController.swift; sourceTree = "<group>"; };
/* End PBXFileReference section */

/* Begin PBXFrameworksBuildPhase section */
		4C4044D92528DE920005C9DF /* Frameworks */ = {
			isa = PBXFrameworksBuildPhase;
			buildActionMask = 2147483647;
			files = (
			);
			runOnlyForDeploymentPostprocessing = 0;
		};
		4C4044EF2528DE940005C9DF /* Frameworks */ = {
			isa = PBXFrameworksBuildPhase;
			buildActionMask = 2147483647;
			files = (
			);
			runOnlyForDeploymentPostprocessing = 0;
		};
		4C4044FA2528DE940005C9DF /* Frameworks */ = {
			isa = PBXFrameworksBuildPhase;
			buildActionMask = 2147483647;
			files = (
			);
			runOnlyForDeploymentPostprocessing = 0;
		};
/* End PBXFrameworksBuildPhase section */

/* Begin PBXGroup section */
		4C4044D32528DE910005C9DF = {
			isa = PBXGroup;
			children = (
				4C4044DE2528DE920005C9DF /* 03_10_Exercise3 */,
				4C4044F52528DE940005C9DF /* 03_10_Exercise3Tests */,
				4C4045002528DE940005C9DF /* 03_10_Exercise3UITests */,
				4C4044DD2528DE920005C9DF /* Products */,
			);
			sourceTree = "<group>";
		};
		4C4044DD2528DE920005C9DF /* Products */ = {
			isa = PBXGroup;
			children = (
				4C4044DC2528DE920005C9DF /* 03_10_Exercise3.app */,
				4C4044F22528DE940005C9DF /* 03_10_Exercise3Tests.xctest */,
				4C4044FD2528DE940005C9DF /* 03_10_Exercise3UITests.xctest */,
			);
			name = Products;
			sourceTree = "<group>";
		};
		4C4044DE2528DE920005C9DF /* 03_10_Exercise3 */ = {
			isa = PBXGroup;
			children = (
				4C4045132528DEFC0005C9DF /* Class */,
				4C4045122528DEEF0005C9DF /* Cell */,
				4C4044DF2528DE920005C9DF /* AppDelegate.swift */,
				4C4044E12528DE920005C9DF /* SceneDelegate.swift */,
				4C4044E32528DE920005C9DF /* ViewController.swift */,
				4C4044E52528DE920005C9DF /* Main.storyboard */,
				4C4045252528E2000005C9DF /* cars3.png */,
				4C4044E82528DE930005C9DF /* Assets.xcassets */,
				4C4044EA2528DE930005C9DF /* LaunchScreen.storyboard */,
				4C4044ED2528DE930005C9DF /* Info.plist */,
			);
			path = 03_10_Exercise3;
			sourceTree = "<group>";
		};
		4C4044F52528DE940005C9DF /* 03_10_Exercise3Tests */ = {
			isa = PBXGroup;
			children = (
				4C4044F62528DE940005C9DF /* _3_10_Exercise3Tests.swift */,
				4C4044F82528DE940005C9DF /* Info.plist */,
			);
			path = 03_10_Exercise3Tests;
			sourceTree = "<group>";
		};
		4C4045002528DE940005C9DF /* 03_10_Exercise3UITests */ = {
			isa = PBXGroup;
			children = (
				4C4045012528DE940005C9DF /* _3_10_Exercise3UITests.swift */,
				4C4045032528DE940005C9DF /* Info.plist */,
			);
			path = 03_10_Exercise3UITests;
			sourceTree = "<group>";
		};
		4C4045122528DEEF0005C9DF /* Cell */ = {
			isa = PBXGroup;
			children = (
				4C4045202528DFFA0005C9DF /* CarroCollectionCell.swift */,
			);
			path = Cell;
			sourceTree = "<group>";
		};
		4C4045132528DEFC0005C9DF /* Class */ = {
			isa = PBXGroup;
			children = (
				4C40452A2528E26C0005C9DF /* New Group */,
				4C4045142528DF830005C9DF /* Carro */,
			);
			path = Class;
			sourceTree = "<group>";
		};
		4C4045142528DF830005C9DF /* Carro */ = {
			isa = PBXGroup;
			children = (
				4C4045152528DF900005C9DF /* Carro.swift */,
			);
			path = Carro;
			sourceTree = "<group>";
		};
		4C40452A2528E26C0005C9DF /* New Group */ = {
			isa = PBXGroup;
			children = (
				4C40452B2528E2880005C9DF /* carroDetails.storyboard */,
				4C4045302528E2A30005C9DF /* CarroDetailsViewController.swift */,
			);
			path = "New Group";
			sourceTree = "<group>";
		};
/* End PBXGroup section */

/* Begin PBXNativeTarget section */
		4C4044DB2528DE920005C9DF /* 03_10_Exercise3 */ = {
			isa = PBXNativeTarget;
			buildConfigurationList = 4C4045062528DE940005C9DF /* Build configuration list for PBXNativeTarget "03_10_Exercise3" */;
			buildPhases = (
				4C4044D82528DE920005C9DF /* Sources */,
				4C4044D92528DE920005C9DF /* Frameworks */,
				4C4044DA2528DE920005C9DF /* Resources */,
			);
			buildRules = (
			);
			dependencies = (
			);
			name = 03_10_Exercise3;
			productName = 03_10_Exercise3;
			productReference = 4C4044DC2528DE920005C9DF /* 03_10_Exercise3.app */;
			productType = "com.apple.product-type.application";
		};
		4C4044F12528DE940005C9DF /* 03_10_Exercise3Tests */ = {
			isa = PBXNativeTarget;
			buildConfigurationList = 4C4045092528DE940005C9DF /* Build configuration list for PBXNativeTarget "03_10_Exercise3Tests" */;
			buildPhases = (
				4C4044EE2528DE940005C9DF /* Sources */,
				4C4044EF2528DE940005C9DF /* Frameworks */,
				4C4044F02528DE940005C9DF /* Resources */,
			);
			buildRules = (
			);
			dependencies = (
				4C4044F42528DE940005C9DF /* PBXTargetDependency */,
			);
			name = 03_10_Exercise3Tests;
			productName = 03_10_Exercise3Tests;
			productReference = 4C4044F22528DE940005C9DF /* 03_10_Exercise3Tests.xctest */;
			productType = "com.apple.product-type.bundle.unit-test";
		};
		4C4044FC2528DE940005C9DF /* 03_10_Exercise3UITests */ = {
			isa = PBXNativeTarget;
			buildConfigurationList = 4C40450C2528DE940005C9DF /* Build configuration list for PBXNativeTarget "03_10_Exercise3UITests" */;
			buildPhases = (
				4C4044F92528DE940005C9DF /* Sources */,
				4C4044FA2528DE940005C9DF /* Frameworks */,
				4C4044FB2528DE940005C9DF /* Resources */,
			);
			buildRules = (
			);
			dependencies = (
				4C4044FF2528DE940005C9DF /* PBXTargetDependency */,
			);
			name = 03_10_Exercise3UITests;
			productName = 03_10_Exercise3UITests;
			productReference = 4C4044FD2528DE940005C9DF /* 03_10_Exercise3UITests.xctest */;
			productType = "com.apple.product-type.bundle.ui-testing";
		};
/* End PBXNativeTarget section */

/* Begin PBXProject section */
		4C4044D42528DE910005C9DF /* Project object */ = {
			isa = PBXProject;
			attributes = {
				LastSwiftUpdateCheck = 1200;
				LastUpgradeCheck = 1200;
				TargetAttributes = {
					4C4044DB2528DE920005C9DF = {
						CreatedOnToolsVersion = 12.0;
					};
					4C4044F12528DE940005C9DF = {
						CreatedOnToolsVersion = 12.0;
						TestTargetID = 4C4044DB2528DE920005C9DF;
					};
					4C4044FC2528DE940005C9DF = {
						CreatedOnToolsVersion = 12.0;
						TestTargetID = 4C4044DB2528DE920005C9DF;
					};
				};
			};
			buildConfigurationList = 4C4044D72528DE910005C9DF /* Build configuration list for PBXProject "03_10_Exercise3" */;
			compatibilityVersion = "Xcode 9.3";
			developmentRegion = en;
			hasScannedForEncodings = 0;
			knownRegions = (
				en,
				Base,
			);
			mainGroup = 4C4044D32528DE910005C9DF;
			productRefGroup = 4C4044DD2528DE920005C9DF /* Products */;
			projectDirPath = "";
			projectRoot = "";
			targets = (
				4C4044DB2528DE920005C9DF /* 03_10_Exercise3 */,
				4C4044F12528DE940005C9DF /* 03_10_Exercise3Tests */,
				4C4044FC2528DE940005C9DF /* 03_10_Exercise3UITests */,
			);
		};
/* End PBXProject section */

/* Begin PBXResourcesBuildPhase section */
		4C4044DA2528DE920005C9DF /* Resources */ = {
			isa = PBXResourcesBuildPhase;
			buildActionMask = 2147483647;
			files = (
				4C4045262528E2000005C9DF /* cars3.png in Resources */,
				4C4044EC2528DE930005C9DF /* LaunchScreen.storyboard in Resources */,
				4C4044E92528DE930005C9DF /* Assets.xcassets in Resources */,
				4C40452C2528E2880005C9DF /* carroDetails.storyboard in Resources */,
				4C4044E72528DE920005C9DF /* Main.storyboard in Resources */,
			);
			runOnlyForDeploymentPostprocessing = 0;
		};
		4C4044F02528DE940005C9DF /* Resources */ = {
			isa = PBXResourcesBuildPhase;
			buildActionMask = 2147483647;
			files = (
			);
			runOnlyForDeploymentPostprocessing = 0;
		};
		4C4044FB2528DE940005C9DF /* Resources */ = {
			isa = PBXResourcesBuildPhase;
			buildActionMask = 2147483647;
			files = (
			);
			runOnlyForDeploymentPostprocessing = 0;
		};
/* End PBXResourcesBuildPhase section */

/* Begin PBXSourcesBuildPhase section */
		4C4044D82528DE920005C9DF /* Sources */ = {
			isa = PBXSourcesBuildPhase;
			buildActionMask = 2147483647;
			files = (
				4C4045212528DFFA0005C9DF /* CarroCollectionCell.swift in Sources */,
				4C4044E42528DE920005C9DF /* ViewController.swift in Sources */,
				4C4045312528E2A30005C9DF /* CarroDetailsViewController.swift in Sources */,
				4C4045162528DF900005C9DF /* Carro.swift in Sources */,
				4C4044E02528DE920005C9DF /* AppDelegate.swift in Sources */,
				4C4044E22528DE920005C9DF /* SceneDelegate.swift in Sources */,
			);
			runOnlyForDeploymentPostprocessing = 0;
		};
		4C4044EE2528DE940005C9DF /* Sources */ = {
			isa = PBXSourcesBuildPhase;
			buildActionMask = 2147483647;
			files = (
				4C4044F72528DE940005C9DF /* _3_10_Exercise3Tests.swift in Sources */,
			);
			runOnlyForDeploymentPostprocessing = 0;
		};
		4C4044F92528DE940005C9DF /* Sources */ = {
			isa = PBXSourcesBuildPhase;
			buildActionMask = 2147483647;
			files = (
				4C4045022528DE940005C9DF /* _3_10_Exercise3UITests.swift in Sources */,
			);
			runOnlyForDeploymentPostprocessing = 0;
		};
/* End PBXSourcesBuildPhase section */

/* Begin PBXTargetDependency section */
		4C4044F42528DE940005C9DF /* PBXTargetDependency */ = {
			isa = PBXTargetDependency;
			target = 4C4044DB2528DE920005C9DF /* 03_10_Exercise3 */;
			targetProxy = 4C4044F32528DE940005C9DF /* PBXContainerItemProxy */;
		};
		4C4044FF2528DE940005C9DF /* PBXTargetDependency */ = {
			isa = PBXTargetDependency;
			target = 4C4044DB2528DE920005C9DF /* 03_10_Exercise3 */;
			targetProxy = 4C4044FE2528DE940005C9DF /* PBXContainerItemProxy */;
		};
/* End PBXTargetDependency section */

/* Begin PBXVariantGroup section */
		4C4044E52528DE920005C9DF /* Main.storyboard */ = {
			isa = PBXVariantGroup;
			children = (
				4C4044E62528DE920005C9DF /* Base */,
			);
			name = Main.storyboard;
			sourceTree = "<group>";
		};
		4C4044EA2528DE930005C9DF /* LaunchScreen.storyboard */ = {
			isa = PBXVariantGroup;
			children = (
				4C4044EB2528DE930005C9DF /* Base */,
			);
			name = LaunchScreen.storyboard;
			sourceTree = "<group>";
		};
/* End PBXVariantGroup section */

/* Begin XCBuildConfiguration section */
		4C4045042528DE940005C9DF /* Debug */ = {
			isa = XCBuildConfiguration;
			buildSettings = {
				ALWAYS_SEARCH_USER_PATHS = NO;
				CLANG_ANALYZER_NONNULL = YES;
				CLANG_ANALYZER_NUMBER_OBJECT_CONVERSION = YES_AGGRESSIVE;
				CLANG_CXX_LANGUAGE_STANDARD = "gnu++14";
				CLANG_CXX_LIBRARY = "libc++";
				CLANG_ENABLE_MODULES = YES;
				CLANG_ENABLE_OBJC_ARC = YES;
				CLANG_ENABLE_OBJC_WEAK = YES;
				CLANG_WARN_BLOCK_CAPTURE_AUTORELEASING = YES;
				CLANG_WARN_BOOL_CONVERSION = YES;
				CLANG_WARN_COMMA = YES;
				CLANG_WARN_CONSTANT_CONVERSION = YES;
				CLANG_WARN_DEPRECATED_OBJC_IMPLEMENTATIONS = YES;
				CLANG_WARN_DIRECT_OBJC_ISA_USAGE = YES_ERROR;
				CLANG_WARN_DOCUMENTATION_COMMENTS = YES;
				CLANG_WARN_EMPTY_BODY = YES;
				CLANG_WARN_ENUM_CONVERSION = YES;
				CLANG_WARN_INFINITE_RECURSION = YES;
				CLANG_WARN_INT_CONVERSION = YES;
				CLANG_WARN_NON_LITERAL_NULL_CONVERSION = YES;
				CLANG_WARN_OBJC_IMPLICIT_RETAIN_SELF = YES;
				CLANG_WARN_OBJC_LITERAL_CONVERSION = YES;
				CLANG_WARN_OBJC_ROOT_CLASS = YES_ERROR;
				CLANG_WARN_QUOTED_INCLUDE_IN_FRAMEWORK_HEADER = YES;
				CLANG_WARN_RANGE_LOOP_ANALYSIS = YES;
				CLANG_WARN_STRICT_PROTOTYPES = YES;
				CLANG_WARN_SUSPICIOUS_MOVE = YES;
				CLANG_WARN_UNGUARDED_AVAILABILITY = YES_AGGRESSIVE;
				CLANG_WARN_UNREACHABLE_CODE = YES;
				CLANG_WARN__DUPLICATE_METHOD_MATCH = YES;
				COPY_PHASE_STRIP = NO;
				DEBUG_INFORMATION_FORMAT = dwarf;
				ENABLE_STRICT_OBJC_MSGSEND = YES;
				ENABLE_TESTABILITY = YES;
				GCC_C_LANGUAGE_STANDARD = gnu11;
				GCC_DYNAMIC_NO_PIC = NO;
				GCC_NO_COMMON_BLOCKS = YES;
				GCC_OPTIMIZATION_LEVEL = 0;
				GCC_PREPROCESSOR_DEFINITIONS = (
					"DEBUG=1",
					"$(inherited)",
				);
				GCC_WARN_64_TO_32_BIT_CONVERSION = YES;
				GCC_WARN_ABOUT_RETURN_TYPE = YES_ERROR;
				GCC_WARN_UNDECLARED_SELECTOR = YES;
				GCC_WARN_UNINITIALIZED_AUTOS = YES_AGGRESSIVE;
				GCC_WARN_UNUSED_FUNCTION = YES;
				GCC_WARN_UNUSED_VARIABLE = YES;
				IPHONEOS_DEPLOYMENT_TARGET = 14.0;
				MTL_ENABLE_DEBUG_INFO = INCLUDE_SOURCE;
				MTL_FAST_MATH = YES;
				ONLY_ACTIVE_ARCH = YES;
				SDKROOT = iphoneos;
				SWIFT_ACTIVE_COMPILATION_CONDITIONS = DEBUG;
				SWIFT_OPTIMIZATION_LEVEL = "-Onone";
			};
			name = Debug;
		};
		4C4045052528DE940005C9DF /* Release */ = {
			isa = XCBuildConfiguration;
			buildSettings = {
				ALWAYS_SEARCH_USER_PATHS = NO;
				CLANG_ANALYZER_NONNULL = YES;
				CLANG_ANALYZER_NUMBER_OBJECT_CONVERSION = YES_AGGRESSIVE;
				CLANG_CXX_LANGUAGE_STANDARD = "gnu++14";
				CLANG_CXX_LIBRARY = "libc++";
				CLANG_ENABLE_MODULES = YES;
				CLANG_ENABLE_OBJC_ARC = YES;
				CLANG_ENABLE_OBJC_WEAK = YES;
				CLANG_WARN_BLOCK_CAPTURE_AUTORELEASING = YES;
				CLANG_WARN_BOOL_CONVERSION = YES;
				CLANG_WARN_COMMA = YES;
				CLANG_WARN_CONSTANT_CONVERSION = YES;
				CLANG_WARN_DEPRECATED_OBJC_IMPLEMENTATIONS = YES;
				CLANG_WARN_DIRECT_OBJC_ISA_USAGE = YES_ERROR;
				CLANG_WARN_DOCUMENTATION_COMMENTS = YES;
				CLANG_WARN_EMPTY_BODY = YES;
				CLANG_WARN_ENUM_CONVERSION = YES;
				CLANG_WARN_INFINITE_RECURSION = YES;
				CLANG_WARN_INT_CONVERSION = YES;
				CLANG_WARN_NON_LITERAL_NULL_CONVERSION = YES;
				CLANG_WARN_OBJC_IMPLICIT_RETAIN_SELF = YES;
				CLANG_WARN_OBJC_LITERAL_CONVERSION = YES;
				CLANG_WARN_OBJC_ROOT_CLASS = YES_ERROR;
				CLANG_WARN_QUOTED_INCLUDE_IN_FRAMEWORK_HEADER = YES;
				CLANG_WARN_RANGE_LOOP_ANALYSIS = YES;
				CLANG_WARN_STRICT_PROTOTYPES = YES;
				CLANG_WARN_SUSPICIOUS_MOVE = YES;
				CLANG_WARN_UNGUARDED_AVAILABILITY = YES_AGGRESSIVE;
				CLANG_WARN_UNREACHABLE_CODE = YES;
				CLANG_WARN__DUPLICATE_METHOD_MATCH = YES;
				COPY_PHASE_STRIP = NO;
				DEBUG_INFORMATION_FORMAT = "dwarf-with-dsym";
				ENABLE_NS_ASSERTIONS = NO;
				ENABLE_STRICT_OBJC_MSGSEND = YES;
				GCC_C_LANGUAGE_STANDARD = gnu11;
				GCC_NO_COMMON_BLOCKS = YES;
				GCC_WARN_64_TO_32_BIT_CONVERSION = YES;
				GCC_WARN_ABOUT_RETURN_TYPE = YES_ERROR;
				GCC_WARN_UNDECLARED_SELECTOR = YES;
				GCC_WARN_UNINITIALIZED_AUTOS = YES_AGGRESSIVE;
				GCC_WARN_UNUSED_FUNCTION = YES;
				GCC_WARN_UNUSED_VARIABLE = YES;
				IPHONEOS_DEPLOYMENT_TARGET = 14.0;
				MTL_ENABLE_DEBUG_INFO = NO;
				MTL_FAST_MATH = YES;
				SDKROOT = iphoneos;
				SWIFT_COMPILATION_MODE = wholemodule;
				SWIFT_OPTIMIZATION_LEVEL = "-O";
				VALIDATE_PRODUCT = YES;
			};
			name = Release;
		};
		4C4045072528DE940005C9DF /* Debug */ = {
			isa = XCBuildConfiguration;
			buildSettings = {
				ASSETCATALOG_COMPILER_APPICON_NAME = AppIcon;
				ASSETCATALOG_COMPILER_GLOBAL_ACCENT_COLOR_NAME = AccentColor;
				CODE_SIGN_STYLE = Automatic;
				INFOPLIST_FILE = 03_10_Exercise3/Info.plist;
				LD_RUNPATH_SEARCH_PATHS = (
					"$(inherited)",
					"@executable_path/Frameworks",
				);
				PRODUCT_BUNDLE_IDENTIFIER = "lestad.-3-10-Exercise3";
				PRODUCT_NAME = "$(TARGET_NAME)";
				SWIFT_VERSION = 5.0;
				TARGETED_DEVICE_FAMILY = "1,2";
			};
			name = Debug;
		};
		4C4045082528DE940005C9DF /* Release */ = {
			isa = XCBuildConfiguration;
			buildSettings = {
				ASSETCATALOG_COMPILER_APPICON_NAME = AppIcon;
				ASSETCATALOG_COMPILER_GLOBAL_ACCENT_COLOR_NAME = AccentColor;
				CODE_SIGN_STYLE = Automatic;
				INFOPLIST_FILE = 03_10_Exercise3/Info.plist;
				LD_RUNPATH_SEARCH_PATHS = (
					"$(inherited)",
					"@executable_path/Frameworks",
				);
				PRODUCT_BUNDLE_IDENTIFIER = "lestad.-3-10-Exercise3";
				PRODUCT_NAME = "$(TARGET_NAME)";
				SWIFT_VERSION = 5.0;
				TARGETED_DEVICE_FAMILY = "1,2";
			};
			name = Release;
		};
		4C40450A2528DE940005C9DF /* Debug */ = {
			isa = XCBuildConfiguration;
			buildSettings = {
				ALWAYS_EMBED_SWIFT_STANDARD_LIBRARIES = YES;
				BUNDLE_LOADER = "$(TEST_HOST)";
				CODE_SIGN_STYLE = Automatic;
				INFOPLIST_FILE = 03_10_Exercise3Tests/Info.plist;
				IPHONEOS_DEPLOYMENT_TARGET = 14.0;
				LD_RUNPATH_SEARCH_PATHS = (
					"$(inherited)",
					"@executable_path/Frameworks",
					"@loader_path/Frameworks",
				);
				PRODUCT_BUNDLE_IDENTIFIER = "lestad.-3-10-Exercise3Tests";
				PRODUCT_NAME = "$(TARGET_NAME)";
				SWIFT_VERSION = 5.0;
				TARGETED_DEVICE_FAMILY = "1,2";
				TEST_HOST = "$(BUILT_PRODUCTS_DIR)/03_10_Exercise3.app/03_10_Exercise3";
			};
			name = Debug;
		};
		4C40450B2528DE940005C9DF /* Release */ = {
			isa = XCBuildConfiguration;
			buildSettings = {
				ALWAYS_EMBED_SWIFT_STANDARD_LIBRARIES = YES;
				BUNDLE_LOADER = "$(TEST_HOST)";
				CODE_SIGN_STYLE = Automatic;
				INFOPLIST_FILE = 03_10_Exercise3Tests/Info.plist;
				IPHONEOS_DEPLOYMENT_TARGET = 14.0;
				LD_RUNPATH_SEARCH_PATHS = (
					"$(inherited)",
					"@executable_path/Frameworks",
					"@loader_path/Frameworks",
				);
				PRODUCT_BUNDLE_IDENTIFIER = "lestad.-3-10-Exercise3Tests";
				PRODUCT_NAME = "$(TARGET_NAME)";
				SWIFT_VERSION = 5.0;
				TARGETED_DEVICE_FAMILY = "1,2";
				TEST_HOST = "$(BUILT_PRODUCTS_DIR)/03_10_Exercise3.app/03_10_Exercise3";
			};
			name = Release;
		};
		4C40450D2528DE940005C9DF /* Debug */ = {
			isa = XCBuildConfiguration;
			buildSettings = {
				ALWAYS_EMBED_SWIFT_STANDARD_LIBRARIES = YES;
				CODE_SIGN_STYLE = Automatic;
				INFOPLIST_FILE = 03_10_Exercise3UITests/Info.plist;
				LD_RUNPATH_SEARCH_PATHS = (
					"$(inherited)",
					"@executable_path/Frameworks",
					"@loader_path/Frameworks",
				);
				PRODUCT_BUNDLE_IDENTIFIER = "lestad.-3-10-Exercise3UITests";
				PRODUCT_NAME = "$(TARGET_NAME)";
				SWIFT_VERSION = 5.0;
				TARGETED_DEVICE_FAMILY = "1,2";
				TEST_TARGET_NAME = 03_10_Exercise3;
			};
			name = Debug;
		};
		4C40450E2528DE940005C9DF /* Release */ = {
			isa = XCBuildConfiguration;
			buildSettings = {
				ALWAYS_EMBED_SWIFT_STANDARD_LIBRARIES = YES;
				CODE_SIGN_STYLE = Automatic;
				INFOPLIST_FILE = 03_10_Exercise3UITests/Info.plist;
				LD_RUNPATH_SEARCH_PATHS = (
					"$(inherited)",
					"@executable_path/Frameworks",
					"@loader_path/Frameworks",
				);
				PRODUCT_BUNDLE_IDENTIFIER = "lestad.-3-10-Exercise3UITests";
				PRODUCT_NAME = "$(TARGET_NAME)";
				SWIFT_VERSION = 5.0;
				TARGETED_DEVICE_FAMILY = "1,2";
				TEST_TARGET_NAME = 03_10_Exercise3;
			};
			name = Release;
		};
/* End XCBuildConfiguration section */

/* Begin XCConfigurationList section */
		4C4044D72528DE910005C9DF /* Build configuration list for PBXProject "03_10_Exercise3" */ = {
			isa = XCConfigurationList;
			buildConfigurations = (
				4C4045042528DE940005C9DF /* Debug */,
				4C4045052528DE940005C9DF /* Release */,
			);
			defaultConfigurationIsVisible = 0;
			defaultConfigurationName = Release;
		};
		4C4045062528DE940005C9DF /* Build configuration list for PBXNativeTarget "03_10_Exercise3" */ = {
			isa = XCConfigurationList;
			buildConfigurations = (
				4C4045072528DE940005C9DF /* Debug */,
				4C4045082528DE940005C9DF /* Release */,
			);
			defaultConfigurationIsVisible = 0;
			defaultConfigurationName = Release;
		};
		4C4045092528DE940005C9DF /* Build configuration list for PBXNativeTarget "03_10_Exercise3Tests" */ = {
			isa = XCConfigurationList;
			buildConfigurations = (
				4C40450A2528DE940005C9DF /* Debug */,
				4C40450B2528DE940005C9DF /* Release */,
			);
			defaultConfigurationIsVisible = 0;
			defaultConfigurationName = Release;
		};
		4C40450C2528DE940005C9DF /* Build configuration list for PBXNativeTarget "03_10_Exercise3UITests" */ = {
			isa = XCConfigurationList;
			buildConfigurations = (
				4C40450D2528DE940005C9DF /* Debug */,
				4C40450E2528DE940005C9DF /* Release */,
			);
			defaultConfigurationIsVisible = 0;
			defaultConfigurationName = Release;
		};
/* End XCConfigurationList section */
	};
	rootObject = 4C4044D42528DE910005C9DF /* Project object */;
}
